
Microsoft Visual Studio Solution File, Format Version 12.00
# Visual Studio Version 17
VisualStudioVersion = 17.5.33502.453
MinimumVisualStudioVersion = 10.0.40219.1
Project("{FAE04EC0-301F-11D3-BF4B-00C04F79EFBC}") = "C# practice", "C# practice\C# practice.csproj", "{F78631F8-F8B0-452A-8B34-0DA0F9E91489}"
EndProject
Global
	GlobalSection(SolutionConfigurationPlatforms) = preSolution
		Debug|Any CPU = Debug|Any CPU
		Release|Any CPU = Release|Any CPU
	EndGlobalSection
	GlobalSection(ProjectConfigurationPlatforms) = postSolution
		{F78631F8-F8B0-452A-8B34-0DA0F9E91489}.Debug|Any CPU.ActiveCfg = Debug|Any CPU
		{F78631F8-F8B0-452A-8B34-0DA0F9E91489}.Debug|Any CPU.Build.0 = Debug|Any CPU
		{F78631F8-F8B0-452A-8B34-0DA0F9E91489}.Release|Any CPU.ActiveCfg = Release|Any CPU
		{F78631F8-F8B0-452A-8B34-0DA0F9E91489}.Release|Any CPU.Build.0 = Release|Any CPU
	EndGlobalSection
	GlobalSection(SolutionProperties) = preSolution
		HideSolutionNode = FALSE
	EndGlobalSection
	GlobalSection(ExtensibilityGlobals) = postSolution
		SolutionGuid = {6197CFAD-CA0F-4500-8E38-AE0EFB37DB3C}
	EndGlobalSection
EndGlobal
